// !$*UTF8*$!
{
	archiveVersion = 1;
	classes = {
	};
	objectVersion = 56;
	objects = {

/* Begin PBXBuildFile section */
		5273E93FBAFBEF5BF368F5AC /* Models.swift in Sources */ = {isa = PBXBuildFile; fileRef = A2FB73B0F10A5986B13E0997 /* Models.swift */; };
		795A7E478C354CAE4682837F /* MainViewModel.swift in Sources */ = {isa = PBXBuildFile; fileRef = 07817A75C6CA871F9C56B19A /* MainViewModel.swift */; };
		86A98E23A7D08F420C1F3918 /* Assets.xcassets in Resources */ = {isa = PBXBuildFile; fileRef = 1D47AA670EC895E76B39DAC9 /* Assets.xcassets */; };
		A1B2C3D4E5F6A7B8C9D0E100 /* App.swift in Sources */ = {isa = PBXBuildFile; fileRef = A1B2C3D4E5F6A7B8C9D0E200 /* App.swift */; };
		BE34590FB7CBDF9D2C6D46D1 /* SwiftUdpDiscovery.swift in Sources */ = {isa = PBXBuildFile; fileRef = 48883F9F2A98DBC7B8BE3DF3 /* SwiftUdpDiscovery.swift */; };
		C3F71A8B4E244F4AA9F7E001 /* LanFileTransferManager.swift in Sources */ = {isa = PBXBuildFile; fileRef = C3F71A8B4E244F4AA9F7E000 /* LanFileTransferManager.swift */; };
/* End PBXBuildFile section */

/* Begin PBXFileReference section */
		07817A75C6CA871F9C56B19A /* MainViewModel.swift */ = {isa = PBXFileReference; includeInIndex = 1; lastKnownFileType = sourcecode.swift; path = MainViewModel.swift; sourceTree = "<group>"; };
		1D47AA670EC895E76B39DAC9 /* Assets.xcassets */ = {isa = PBXFileReference; includeInIndex = 1; lastKnownFileType = folder.assetcatalog; name = Assets.xcassets; path = CastPigeonMac/Assets.xcassets; sourceTree = "<group>"; };
		48883F9F2A98DBC7B8BE3DF3 /* SwiftUdpDiscovery.swift */ = {isa = PBXFileReference; includeInIndex = 1; lastKnownFileType = sourcecode.swift; path = SwiftUdpDiscovery.swift; sourceTree = "<group>"; };
		A1B2C3D4E5F6A7B8C9D0E200 /* App.swift */ = {isa = PBXFileReference; lastKnownFileType = sourcecode.swift; path = App.swift; sourceTree = "<group>"; };
		A1B2C3D4E5F6A7B8C9D0E202 /* Info.plist */ = {isa = PBXFileReference; lastKnownFileType = text.plist.xml; path = Info.plist; sourceTree = "<group>"; };
		A1B2C3D4E5F6A7B8C9D0E203 /* CastPigeon.app */ = {isa = PBXFileReference; explicitFileType = wrapper.application; includeInIndex = 0; path = CastPigeon.app; sourceTree = BUILT_PRODUCTS_DIR; };
		A2FB73B0F10A5986B13E0997 /* Models.swift */ = {isa = PBXFileReference; includeInIndex = 1; lastKnownFileType = sourcecode.swift; path = Models.swift; sourceTree = "<group>"; };
		C3F71A8B4E244F4AA9F7E000 /* LanFileTransferManager.swift */ = {isa = PBXFileReference; includeInIndex = 1; lastKnownFileType = sourcecode.swift; path = LanFileTransferManager.swift; sourceTree = "<group>"; };
/* End PBXFileReference section */

/* Begin PBXFrameworksBuildPhase section */
		A1B2C3D4E5F6A7B8C9D0E300 /* Frameworks */ = {
			isa = PBXFrameworksBuildPhase;
			buildActionMask = 2147483647;
			files = (
			);
			runOnlyForDeploymentPostprocessing = 0;
		};
/* End PBXFrameworksBuildPhase section */

/* Begin PBXGroup section */
		7329B17EB59FBDD417B70B1D /* ViewModels */ = {
			isa = PBXGroup;
			children = (
				07817A75C6CA871F9C56B19A /* MainViewModel.swift */,
			);
			path = ViewModels;
			sourceTree = "<group>";
		};
		A1B2C3D4E5F6A7B8C9D0E400 = {
			isa = PBXGroup;
			children = (
				A1B2C3D4E5F6A7B8C9D0E401 /* CastPigeonMac */,
				A1B2C3D4E5F6A7B8C9D0E402 /* Products */,
				1D47AA670EC895E76B39DAC9 /* Assets.xcassets */,
			);
			sourceTree = "<group>";
		};
		A1B2C3D4E5F6A7B8C9D0E401 /* CastPigeonMac */ = {
			isa = PBXGroup;
			children = (
				A1B2C3D4E5F6A7B8C9D0E200 /* App.swift */,
				A1B2C3D4E5F6A7B8C9D0E202 /* Info.plist */,
				EB02E279256143A1CE531501 /* Models */,
				AA88523F9D113D3A36F23FE2 /* Network */,
				7329B17EB59FBDD417B70B1D /* ViewModels */,
			);
			path = CastPigeonMac;
			sourceTree = "<group>";
		};
		A1B2C3D4E5F6A7B8C9D0E402 /* Products */ = {
			isa = PBXGroup;
			children = (
				A1B2C3D4E5F6A7B8C9D0E203 /* CastPigeon.app */,
			);
			name = Products;
			sourceTree = "<group>";
		};
		AA88523F9D113D3A36F23FE2 /* Network */ = {
			isa = PBXGroup;
			children = (
				48883F9F2A98DBC7B8BE3DF3 /* SwiftUdpDiscovery.swift */,
				C3F71A8B4E244F4AA9F7E000 /* LanFileTransferManager.swift */,
			);
			path = Network;
			sourceTree = "<group>";
		};
		EB02E279256143A1CE531501 /* Models */ = {
			isa = PBXGroup;
			children = (
				A2FB73B0F10A5986B13E0997 /* Models.swift */,
			);
			path = Models;
			sourceTree = "<group>";
		};
/* End PBXGroup section */

/* Begin PBXNativeTarget section */
		A1B2C3D4E5F6A7B8C9D0E500 /* CastPigeon */ = {
			isa = PBXNativeTarget;
			buildConfigurationList = A1B2C3D4E5F6A7B8C9D0E600 /* Build configuration list for PBXNativeTarget "CastPigeon" */;
			buildPhases = (
				A1B2C3D4E5F6A7B8C9D0E501 /* Sources */,
				A1B2C3D4E5F6A7B8C9D0E300 /* Frameworks */,
				38085BFE282CE4B3C5C16FF5 /* Resources */,
			);
			buildRules = (
			);
			dependencies = (
			);
			name = CastPigeon;
			productName = CastPigeon;
			productReference = A1B2C3D4E5F6A7B8C9D0E203 /* CastPigeon.app */;
			productType = "com.apple.product-type.application";
		};
/* End PBXNativeTarget section */

/* Begin PBXProject section */
		A1B2C3D4E5F6A7B8C9D0E700 /* Project object */ = {
			isa = PBXProject;
			attributes = {
				BuildIndependentTargetsInParallel = 1;
				LastSwiftUpdateCheck = 1500;
				LastUpgradeCheck = 1500;
				TargetAttributes = {
					A1B2C3D4E5F6A7B8C9D0E500 = {
						CreatedOnToolsVersion = 15.0;
					};
				};
			};
			buildConfigurationList = A1B2C3D4E5F6A7B8C9D0E800 /* Build configuration list for PBXProject "CastPigeonMac" */;
			compatibilityVersion = "Xcode 14.0";
			developmentRegion = en;
			hasScannedForEncodings = 0;
			knownRegions = (
				en,
				Base,
			);
			mainGroup = A1B2C3D4E5F6A7B8C9D0E400;
			productRefGroup = A1B2C3D4E5F6A7B8C9D0E402 /* Products */;
			projectDirPath = "";
			projectRoot = "";
			targets = (
				A1B2C3D4E5F6A7B8C9D0E500 /* CastPigeon */,
			);
		};
/* End PBXProject section */

/* Begin PBXResourcesBuildPhase section */
		38085BFE282CE4B3C5C16FF5 /* Resources */ = {
			isa = PBXResourcesBuildPhase;
			buildActionMask = 2147483647;
			files = (
				86A98E23A7D08F420C1F3918 /* Assets.xcassets in Resources */,
			);
			runOnlyForDeploymentPostprocessing = 0;
		};
/* End PBXResourcesBuildPhase section */

/* Begin PBXSourcesBuildPhase section */
		A1B2C3D4E5F6A7B8C9D0E501 /* Sources */ = {
			isa = PBXSourcesBuildPhase;
			buildActionMask = 2147483647;
			files = (
				A1B2C3D4E5F6A7B8C9D0E100 /* App.swift in Sources */,
				5273E93FBAFBEF5BF368F5AC /* Models.swift in Sources */,
				BE34590FB7CBDF9D2C6D46D1 /* SwiftUdpDiscovery.swift in Sources */,
				C3F71A8B4E244F4AA9F7E001 /* LanFileTransferManager.swift in Sources */,
				795A7E478C354CAE4682837F /* MainViewModel.swift in Sources */,
			);
			runOnlyForDeploymentPostprocessing = 0;
		};
/* End PBXSourcesBuildPhase section */

/* Begin XCBuildConfiguration section */
		A1B2C3D4E5F6A7B8C9D0E801 /* Debug */ = {
			isa = XCBuildConfiguration;
			buildSettings = {
				ALWAYS_SEARCH_USER_PATHS = NO;
				CLANG_CXX_LANGUAGE_STANDARD = "gnu++20";
				CLANG_ENABLE_OBJC_ARC = YES;
				COPY_PHASE_STRIP = NO;
				DEBUG_INFORMATION_FORMAT = dwarf;
				ENABLE_TESTABILITY = YES;
				GCC_OPTIMIZATION_LEVEL = 0;
				MACOSX_DEPLOYMENT_TARGET = 13.0;
				MTL_ENABLE_DEBUG_INFO = INCLUDE_SOURCE;
				ONLY_ACTIVE_ARCH = YES;
				SDKROOT = macosx;
				SWIFT_ACTIVE_COMPILATION_CONDITIONS = "DEBUG $(inherited)";
				SWIFT_OPTIMIZATION_LEVEL = "-Onone";
			};
			name = Debug;
		};
		A1B2C3D4E5F6A7B8C9D0E802 /* Release */ = {
			isa = XCBuildConfiguration;
			buildSettings = {
				ALWAYS_SEARCH_USER_PATHS = NO;
				CLANG_CXX_LANGUAGE_STANDARD = "gnu++20";
				CLANG_ENABLE_OBJC_ARC = YES;
				COPY_PHASE_STRIP = NO;
				DEBUG_INFORMATION_FORMAT = "dwarf-with-dsym";
				ENABLE_NS_ASSERTIONS = NO;
				GCC_OPTIMIZATION_LEVEL = s;
				MACOSX_DEPLOYMENT_TARGET = 13.0;
				MTL_ENABLE_DEBUG_INFO = NO;
				SDKROOT = macosx;
				SWIFT_COMPILATION_MODE = wholemodule;
				SWIFT_OPTIMIZATION_LEVEL = "-O";
				VALIDATE_PRODUCT = YES;
			};
			name = Release;
		};
		A1B2C3D4E5F6A7B8C9D0E803 /* Debug */ = {
			isa = XCBuildConfiguration;
			buildSettings = {
				ASSETCATALOG_COMPILER_APPICON_NAME = AppIcon;
				CODE_SIGN_IDENTITY = "-";
				"CODE_SIGN_IDENTITY[sdk=macosx*]" = "Apple Development";
				CODE_SIGN_STYLE = Automatic;
				COMBINE_HIDPI_IMAGES = YES;
				CURRENT_PROJECT_VERSION = 1.0.7;
				CASTPIGEON_DISPLAY_NAME = "CastPigeon Debug";
				DEVELOPMENT_TEAM = PXL9279SFY;
				ENABLE_DEBUG_DYLIB = NO;
				INFOPLIST_FILE = CastPigeonMac/Info.plist;
				LD_RUNPATH_SEARCH_PATHS = (
					"$(inherited)",
					"@executable_path/../Frameworks",
				);
				MARKETING_VERSION = 1.0.7;
				PRODUCT_BUNDLE_IDENTIFIER = com.suseoaa.castpigeon.macos.debug;
				PRODUCT_NAME = CastPigeon;
				SWIFT_EMIT_LOC_STRINGS = YES;
				SWIFT_VERSION = 5.0;
			};
			name = Debug;
		};
		A1B2C3D4E5F6A7B8C9D0E804 /* Release */ = {
			isa = XCBuildConfiguration;
			buildSettings = {
				ASSETCATALOG_COMPILER_APPICON_NAME = AppIcon;
				CODE_SIGN_IDENTITY = "-";
				"CODE_SIGN_IDENTITY[sdk=macosx*]" = "Apple Development";
				CODE_SIGN_INJECT_BASE_ENTITLEMENTS = NO;
				CODE_SIGN_STYLE = Automatic;
				COMBINE_HIDPI_IMAGES = YES;
				CURRENT_PROJECT_VERSION = 1.0.7;
				CASTPIGEON_DISPLAY_NAME = CastPigeon;
				DEVELOPMENT_TEAM = PXL9279SFY;
				INFOPLIST_FILE = CastPigeonMac/Info.plist;
				LD_RUNPATH_SEARCH_PATHS = (
					"$(inherited)",
					"@executable_path/../Frameworks",
				);
				MARKETING_VERSION = 1.0.7;
				PRODUCT_BUNDLE_IDENTIFIER = com.suseoaa.castpigeon.macos;
				PRODUCT_NAME = CastPigeon;
				SWIFT_EMIT_LOC_STRINGS = YES;
				SWIFT_VERSION = 5.0;
			};
			name = Release;
		};
/* End XCBuildConfiguration section */

/* Begin XCConfigurationList section */
		A1B2C3D4E5F6A7B8C9D0E600 /* Build configuration list for PBXNativeTarget "CastPigeon" */ = {
			isa = XCConfigurationList;
			buildConfigurations = (
				A1B2C3D4E5F6A7B8C9D0E803 /* Debug */,
				A1B2C3D4E5F6A7B8C9D0E804 /* Release */,
			);
			defaultConfigurationIsVisible = 0;
			defaultConfigurationName = Release;
		};
		A1B2C3D4E5F6A7B8C9D0E800 /* Build configuration list for PBXProject "CastPigeonMac" */ = {
			isa = XCConfigurationList;
			buildConfigurations = (
				A1B2C3D4E5F6A7B8C9D0E801 /* Debug */,
				A1B2C3D4E5F6A7B8C9D0E802 /* Release */,
			);
			defaultConfigurationIsVisible = 0;
			defaultConfigurationName = Release;
		};
/* End XCConfigurationList section */
	};
	rootObject = A1B2C3D4E5F6A7B8C9D0E700 /* Project object */;
}
